// !$*UTF8*$!
{
	archiveVersion = 1;
	classes = {
	};
	objectVersion = 46;
	objects = {

/* Begin PBXBuildFile section */
		2D86A4CF2098B5CD006A2049 /* DemoModel.m in Sources */ = {isa = PBXBuildFile; fileRef = 2D86A49F2098B5CD006A2049 /* DemoModel.m */; };
		2D86A4D02098B5CD006A2049 /* DemoListViewController.m in Sources */ = {isa = PBXBuildFile; fileRef = 2D86A4A12098B5CD006A2049 /* DemoListViewController.m */; };
		2D86A4D12098B5CD006A2049 /* DemoCell.m in Sources */ = {isa = PBXBuildFile; fileRef = 2D86A4A52098B5CD006A2049 /* DemoCell.m */; };
		2D86A4D22098B5CD006A2049 /* DemoTableView.m in Sources */ = {isa = PBXBuildFile; fileRef = 2D86A4A72098B5CD006A2049 /* DemoTableView.m */; };
		2D86A4D32098B5CD006A2049 /* CityModel.m in Sources */ = {isa = PBXBuildFile; fileRef = 2D86A4AA2098B5CD006A2049 /* CityModel.m */; };
		2D86A4D42098B5CD006A2049 /* CityModel.plist in Resources */ = {isa = PBXBuildFile; fileRef = 2D86A4AB2098B5CD006A2049 /* CityModel.plist */; };
		2D86A4D52098B5CD006A2049 /* CityListViewController.m in Sources */ = {isa = PBXBuildFile; fileRef = 2D86A4AF2098B5CD006A2049 /* CityListViewController.m */; };
		2D86A4D62098B5CD006A2049 /* CityCell.m in Sources */ = {isa = PBXBuildFile; fileRef = 2D86A4B32098B5CD006A2049 /* CityCell.m */; };
		2D86A4D72098B5CD006A2049 /* CityTableView.m in Sources */ = {isa = PBXBuildFile; fileRef = 2D86A4B42098B5CD006A2049 /* CityTableView.m */; };
		2D86A4D82098B5CD006A2049 /* SwpButtonCircleAnimationViewController.m in Sources */ = {isa = PBXBuildFile; fileRef = 2D86A4B72098B5CD006A2049 /* SwpButtonCircleAnimationViewController.m */; };
		2D86A4D92098B5CD006A2049 /* OtherViewController.m in Sources */ = {isa = PBXBuildFile; fileRef = 2D86A4BC2098B5CD006A2049 /* OtherViewController.m */; };
		2D86A4DA2098B5CD006A2049 /* TextFieldDemoViewController.m in Sources */ = {isa = PBXBuildFile; fileRef = 2D86A4BF2098B5CD006A2049 /* TextFieldDemoViewController.m */; };
		2D86A4DB2098B5CD006A2049 /* ButtonDemoViewController.m in Sources */ = {isa = PBXBuildFile; fileRef = 2D86A4C32098B5CD006A2049 /* ButtonDemoViewController.m */; };
		2D86A4DC2098B5CD006A2049 /* SwpCateGoryNavigationController.m in Sources */ = {isa = PBXBuildFile; fileRef = 2D86A4C72098B5CD006A2049 /* SwpCateGoryNavigationController.m */; };
		2D86A4DD2098B5CD006A2049 /* AppDelegate+SVProgressHUD.m in Sources */ = {isa = PBXBuildFile; fileRef = 2D86A4CB2098B5CD006A2049 /* AppDelegate+SVProgressHUD.m */; };
		2D86A4DE2098B5CD006A2049 /* SwpCateGoryBaseViewController.m in Sources */ = {isa = PBXBuildFile; fileRef = 2D86A4CD2098B5CD006A2049 /* SwpCateGoryBaseViewController.m */; };
		2D86A4E02098B64D006A2049 /* DemoModel.plist in Resources */ = {isa = PBXBuildFile; fileRef = 2D86A4DF2098B64D006A2049 /* DemoModel.plist */; };
		2D86A4E32098C62E006A2049 /* SwpButtonCustomView.m in Sources */ = {isa = PBXBuildFile; fileRef = 2D86A4E22098C62E006A2049 /* SwpButtonCustomView.m */; };
		2D86A4E62098CF91006A2049 /* SwpButtonCustomInputView.m in Sources */ = {isa = PBXBuildFile; fileRef = 2D86A4E52098CF91006A2049 /* SwpButtonCustomInputView.m */; };
		2D99D7A01EF64D22006E043F /* main.m in Sources */ = {isa = PBXBuildFile; fileRef = 2D99D79F1EF64D22006E043F /* main.m */; };
		2D99D7A31EF64D22006E043F /* AppDelegate.m in Sources */ = {isa = PBXBuildFile; fileRef = 2D99D7A21EF64D22006E043F /* AppDelegate.m */; };
		2D99D7AB1EF64D22006E043F /* Assets.xcassets in Resources */ = {isa = PBXBuildFile; fileRef = 2D99D7AA1EF64D22006E043F /* Assets.xcassets */; };
		2D99D7AE1EF64D22006E043F /* LaunchScreen.storyboard in Resources */ = {isa = PBXBuildFile; fileRef = 2D99D7AC1EF64D22006E043F /* LaunchScreen.storyboard */; };
		9BD70ACEB483D2DBBDBE6D87 /* libPods-SwpCateGoryDemo.a in Frameworks */ = {isa = PBXBuildFile; fileRef = D4545AAC4282C4A94340ADC7 /* libPods-SwpCateGoryDemo.a */; };
/* End PBXBuildFile section */

/* Begin PBXFileReference section */
		2D86A49E2098B5CD006A2049 /* DemoModel.h */ = {isa = PBXFileReference; fileEncoding = 4; lastKnownFileType = sourcecode.c.h; path = DemoModel.h; sourceTree = "<group>"; };
		2D86A49F2098B5CD006A2049 /* DemoModel.m */ = {isa = PBXFileReference; fileEncoding = 4; lastKnownFileType = sourcecode.c.objc; path = DemoModel.m; sourceTree = "<group>"; };
		2D86A4A12098B5CD006A2049 /* DemoListViewController.m */ = {isa = PBXFileReference; fileEncoding = 4; lastKnownFileType = sourcecode.c.objc; path = DemoListViewController.m; sourceTree = "<group>"; };
		2D86A4A22098B5CD006A2049 /* DemoListViewController.h */ = {isa = PBXFileReference; fileEncoding = 4; lastKnownFileType = sourcecode.c.h; path = DemoListViewController.h; sourceTree = "<group>"; };
		2D86A4A42098B5CD006A2049 /* DemoTableView.h */ = {isa = PBXFileReference; fileEncoding = 4; lastKnownFileType = sourcecode.c.h; path = DemoTableView.h; sourceTree = "<group>"; };
		2D86A4A52098B5CD006A2049 /* DemoCell.m */ = {isa = PBXFileReference; fileEncoding = 4; lastKnownFileType = sourcecode.c.objc; path = DemoCell.m; sourceTree = "<group>"; };
		2D86A4A62098B5CD006A2049 /* DemoCell.h */ = {isa = PBXFileReference; fileEncoding = 4; lastKnownFileType = sourcecode.c.h; path = DemoCell.h; sourceTree = "<group>"; };
		2D86A4A72098B5CD006A2049 /* DemoTableView.m */ = {isa = PBXFileReference; fileEncoding = 4; lastKnownFileType = sourcecode.c.objc; path = DemoTableView.m; sourceTree = "<group>"; };
		2D86A4AA2098B5CD006A2049 /* CityModel.m */ = {isa = PBXFileReference; fileEncoding = 4; lastKnownFileType = sourcecode.c.objc; path = CityModel.m; sourceTree = "<group>"; };
		2D86A4AB2098B5CD006A2049 /* CityModel.plist */ = {isa = PBXFileReference; fileEncoding = 4; lastKnownFileType = text.plist.xml; path = CityModel.plist; sourceTree = "<group>"; };
		2D86A4AC2098B5CD006A2049 /* CityModel.h */ = {isa = PBXFileReference; fileEncoding = 4; lastKnownFileType = sourcecode.c.h; path = CityModel.h; sourceTree = "<group>"; };
		2D86A4AE2098B5CD006A2049 /* CityListViewController.h */ = {isa = PBXFileReference; fileEncoding = 4; lastKnownFileType = sourcecode.c.h; path = CityListViewController.h; sourceTree = "<group>"; };
		2D86A4AF2098B5CD006A2049 /* CityListViewController.m */ = {isa = PBXFileReference; fileEncoding = 4; lastKnownFileType = sourcecode.c.objc; path = CityListViewController.m; sourceTree = "<group>"; };
		2D86A4B12098B5CD006A2049 /* CityCell.h */ = {isa = PBXFileReference; fileEncoding = 4; lastKnownFileType = sourcecode.c.h; path = CityCell.h; sourceTree = "<group>"; };
		2D86A4B22098B5CD006A2049 /* CityTableView.h */ = {isa = PBXFileReference; fileEncoding = 4; lastKnownFileType = sourcecode.c.h; path = CityTableView.h; sourceTree = "<group>"; };
		2D86A4B32098B5CD006A2049 /* CityCell.m */ = {isa = PBXFileReference; fileEncoding = 4; lastKnownFileType = sourcecode.c.objc; path = CityCell.m; sourceTree = "<group>"; };
		2D86A4B42098B5CD006A2049 /* CityTableView.m */ = {isa = PBXFileReference; fileEncoding = 4; lastKnownFileType = sourcecode.c.objc; path = CityTableView.m; sourceTree = "<group>"; };
		2D86A4B72098B5CD006A2049 /* SwpButtonCircleAnimationViewController.m */ = {isa = PBXFileReference; fileEncoding = 4; lastKnownFileType = sourcecode.c.objc; path = SwpButtonCircleAnimationViewController.m; sourceTree = "<group>"; };
		2D86A4B82098B5CD006A2049 /* SwpButtonCircleAnimationViewController.h */ = {isa = PBXFileReference; fileEncoding = 4; lastKnownFileType = sourcecode.c.h; path = SwpButtonCircleAnimationViewController.h; sourceTree = "<group>"; };
		2D86A4BB2098B5CD006A2049 /* OtherViewController.h */ = {isa = PBXFileReference; fileEncoding = 4; lastKnownFileType = sourcecode.c.h; path = OtherViewController.h; sourceTree = "<group>"; };
		2D86A4BC2098B5CD006A2049 /* OtherViewController.m */ = {isa = PBXFileReference; fileEncoding = 4; lastKnownFileType = sourcecode.c.objc; path = OtherViewController.m; sourceTree = "<group>"; };
		2D86A4BF2098B5CD006A2049 /* TextFieldDemoViewController.m */ = {isa = PBXFileReference; fileEncoding = 4; lastKnownFileType = sourcecode.c.objc; path = TextFieldDemoViewController.m; sourceTree = "<group>"; };
		2D86A4C02098B5CD006A2049 /* TextFieldDemoViewController.h */ = {isa = PBXFileReference; fileEncoding = 4; lastKnownFileType = sourcecode.c.h; path = TextFieldDemoViewController.h; sourceTree = "<group>"; };
		2D86A4C32098B5CD006A2049 /* ButtonDemoViewController.m */ = {isa = PBXFileReference; fileEncoding = 4; lastKnownFileType = sourcecode.c.objc; path = ButtonDemoViewController.m; sourceTree = "<group>"; };
		2D86A4C42098B5CD006A2049 /* ButtonDemoViewController.h */ = {isa = PBXFileReference; fileEncoding = 4; lastKnownFileType = sourcecode.c.h; path = ButtonDemoViewController.h; sourceTree = "<group>"; };
		2D86A4C72098B5CD006A2049 /* SwpCateGoryNavigationController.m */ = {isa = PBXFileReference; fileEncoding = 4; lastKnownFileType = sourcecode.c.objc; path = SwpCateGoryNavigationController.m; sourceTree = "<group>"; };
		2D86A4C82098B5CD006A2049 /* SwpCateGoryNavigationController.h */ = {isa = PBXFileReference; fileEncoding = 4; lastKnownFileType = sourcecode.c.h; path = SwpCateGoryNavigationController.h; sourceTree = "<group>"; };
		2D86A4CA2098B5CD006A2049 /* AppDelegate+SVProgressHUD.h */ = {isa = PBXFileReference; fileEncoding = 4; lastKnownFileType = sourcecode.c.h; path = "AppDelegate+SVProgressHUD.h"; sourceTree = "<group>"; };
		2D86A4CB2098B5CD006A2049 /* AppDelegate+SVProgressHUD.m */ = {isa = PBXFileReference; fileEncoding = 4; lastKnownFileType = sourcecode.c.objc; path = "AppDelegate+SVProgressHUD.m"; sourceTree = "<group>"; };
		2D86A4CD2098B5CD006A2049 /* SwpCateGoryBaseViewController.m */ = {isa = PBXFileReference; fileEncoding = 4; lastKnownFileType = sourcecode.c.objc; path = SwpCateGoryBaseViewController.m; sourceTree = "<group>"; };
		2D86A4CE2098B5CD006A2049 /* SwpCateGoryBaseViewController.h */ = {isa = PBXFileReference; fileEncoding = 4; lastKnownFileType = sourcecode.c.h; path = SwpCateGoryBaseViewController.h; sourceTree = "<group>"; };
		2D86A4DF2098B64D006A2049 /* DemoModel.plist */ = {isa = PBXFileReference; lastKnownFileType = text.plist.xml; path = DemoModel.plist; sourceTree = "<group>"; };
		2D86A4E12098C62E006A2049 /* SwpButtonCustomView.h */ = {isa = PBXFileReference; lastKnownFileType = sourcecode.c.h; path = SwpButtonCustomView.h; sourceTree = "<group>"; };
		2D86A4E22098C62E006A2049 /* SwpButtonCustomView.m */ = {isa = PBXFileReference; lastKnownFileType = sourcecode.c.objc; path = SwpButtonCustomView.m; sourceTree = "<group>"; };
		2D86A4E42098CF91006A2049 /* SwpButtonCustomInputView.h */ = {isa = PBXFileReference; lastKnownFileType = sourcecode.c.h; path = SwpButtonCustomInputView.h; sourceTree = "<group>"; };
		2D86A4E52098CF91006A2049 /* SwpButtonCustomInputView.m */ = {isa = PBXFileReference; lastKnownFileType = sourcecode.c.objc; path = SwpButtonCustomInputView.m; sourceTree = "<group>"; };
		2D99D79B1EF64D22006E043F /* SwpCateGoryDemo.app */ = {isa = PBXFileReference; explicitFileType = wrapper.application; includeInIndex = 0; path = SwpCateGoryDemo.app; sourceTree = BUILT_PRODUCTS_DIR; };
		2D99D79F1EF64D22006E043F /* main.m */ = {isa = PBXFileReference; lastKnownFileType = sourcecode.c.objc; path = main.m; sourceTree = "<group>"; };
		2D99D7A11EF64D22006E043F /* AppDelegate.h */ = {isa = PBXFileReference; lastKnownFileType = sourcecode.c.h; path = AppDelegate.h; sourceTree = "<group>"; };
		2D99D7A21EF64D22006E043F /* AppDelegate.m */ = {isa = PBXFileReference; lastKnownFileType = sourcecode.c.objc; path = AppDelegate.m; sourceTree = "<group>"; };
		2D99D7AA1EF64D22006E043F /* Assets.xcassets */ = {isa = PBXFileReference; lastKnownFileType = folder.assetcatalog; path = Assets.xcassets; sourceTree = "<group>"; };
		2D99D7AD1EF64D22006E043F /* Base */ = {isa = PBXFileReference; lastKnownFileType = file.storyboard; name = Base; path = Base.lproj/LaunchScreen.storyboard; sourceTree = "<group>"; };
		2D99D7AF1EF64D22006E043F /* Info.plist */ = {isa = PBXFileReference; lastKnownFileType = text.plist.xml; path = Info.plist; sourceTree = "<group>"; };
		A9EFC2E0217696D8E6C2C961 /* Pods-SwpCateGoryDemo.debug.xcconfig */ = {isa = PBXFileReference; includeInIndex = 1; lastKnownFileType = text.xcconfig; name = "Pods-SwpCateGoryDemo.debug.xcconfig"; path = "Pods/Target Support Files/Pods-SwpCateGoryDemo/Pods-SwpCateGoryDemo.debug.xcconfig"; sourceTree = "<group>"; };
		D4545AAC4282C4A94340ADC7 /* libPods-SwpCateGoryDemo.a */ = {isa = PBXFileReference; explicitFileType = archive.ar; includeInIndex = 0; path = "libPods-SwpCateGoryDemo.a"; sourceTree = BUILT_PRODUCTS_DIR; };
		E3716E1FFBB8BF058C70D1BC /* Pods-SwpCateGoryDemo.release.xcconfig */ = {isa = PBXFileReference; includeInIndex = 1; lastKnownFileType = text.xcconfig; name = "Pods-SwpCateGoryDemo.release.xcconfig"; path = "Pods/Target Support Files/Pods-SwpCateGoryDemo/Pods-SwpCateGoryDemo.release.xcconfig"; sourceTree = "<group>"; };
/* End PBXFileReference section */

/* Begin PBXFrameworksBuildPhase section */
		2D99D7981EF64D22006E043F /* Frameworks */ = {
			isa = PBXFrameworksBuildPhase;
			buildActionMask = 2147483647;
			files = (
				9BD70ACEB483D2DBBDBE6D87 /* libPods-SwpCateGoryDemo.a in Frameworks */,
			);
			runOnlyForDeploymentPostprocessing = 0;
		};
/* End PBXFrameworksBuildPhase section */

/* Begin PBXGroup section */
		2D86A49B2098B5CD006A2049 /* Classes */ = {
			isa = PBXGroup;
			children = (
				2D86A49C2098B5CD006A2049 /* Demo */,
				2D86A4A82098B5CD006A2049 /* City */,
				2D86A4B52098B5CD006A2049 /* ButtonCircleAnimation */,
				2D86A4B92098B5CD006A2049 /* Other */,
				2D86A4BD2098B5CD006A2049 /* TextField */,
				2D86A4C12098B5CD006A2049 /* Button */,
				2D86A4C52098B5CD006A2049 /* Main */,
			);
			path = Classes;
			sourceTree = "<group>";
		};
		2D86A49C2098B5CD006A2049 /* Demo */ = {
			isa = PBXGroup;
			children = (
				2D86A49D2098B5CD006A2049 /* Models */,
				2D86A4A02098B5CD006A2049 /* Controllers */,
				2D86A4A32098B5CD006A2049 /* Views */,
			);
			path = Demo;
			sourceTree = "<group>";
		};
		2D86A49D2098B5CD006A2049 /* Models */ = {
			isa = PBXGroup;
			children = (
				2D86A49E2098B5CD006A2049 /* DemoModel.h */,
				2D86A49F2098B5CD006A2049 /* DemoModel.m */,
				2D86A4DF2098B64D006A2049 /* DemoModel.plist */,
			);
			path = Models;
			sourceTree = "<group>";
		};
		2D86A4A02098B5CD006A2049 /* Controllers */ = {
			isa = PBXGroup;
			children = (
				2D86A4A22098B5CD006A2049 /* DemoListViewController.h */,
				2D86A4A12098B5CD006A2049 /* DemoListViewController.m */,
			);
			path = Controllers;
			sourceTree = "<group>";
		};
		2D86A4A32098B5CD006A2049 /* Views */ = {
			isa = PBXGroup;
			children = (
				2D86A4A62098B5CD006A2049 /* DemoCell.h */,
				2D86A4A52098B5CD006A2049 /* DemoCell.m */,
				2D86A4A42098B5CD006A2049 /* DemoTableView.h */,
				2D86A4A72098B5CD006A2049 /* DemoTableView.m */,
			);
			path = Views;
			sourceTree = "<group>";
		};
		2D86A4A82098B5CD006A2049 /* City */ = {
			isa = PBXGroup;
			children = (
				2D86A4A92098B5CD006A2049 /* Models */,
				2D86A4AD2098B5CD006A2049 /* Controllers */,
				2D86A4B02098B5CD006A2049 /* Views */,
			);
			path = City;
			sourceTree = "<group>";
		};
		2D86A4A92098B5CD006A2049 /* Models */ = {
			isa = PBXGroup;
			children = (
				2D86A4AA2098B5CD006A2049 /* CityModel.m */,
				2D86A4AB2098B5CD006A2049 /* CityModel.plist */,
				2D86A4AC2098B5CD006A2049 /* CityModel.h */,
			);
			path = Models;
			sourceTree = "<group>";
		};
		2D86A4AD2098B5CD006A2049 /* Controllers */ = {
			isa = PBXGroup;
			children = (
				2D86A4AE2098B5CD006A2049 /* CityListViewController.h */,
				2D86A4AF2098B5CD006A2049 /* CityListViewController.m */,
			);
			path = Controllers;
			sourceTree = "<group>";
		};
		2D86A4B02098B5CD006A2049 /* Views */ = {
			isa = PBXGroup;
			children = (
				2D86A4B32098B5CD006A2049 /* CityCell.m */,
				2D86A4B12098B5CD006A2049 /* CityCell.h */,
				2D86A4B22098B5CD006A2049 /* CityTableView.h */,
				2D86A4B42098B5CD006A2049 /* CityTableView.m */,
			);
			path = Views;
			sourceTree = "<group>";
		};
		2D86A4B52098B5CD006A2049 /* ButtonCircleAnimation */ = {
			isa = PBXGroup;
			children = (
				2D86A4B62098B5CD006A2049 /* Controllers */,
			);
			path = ButtonCircleAnimation;
			sourceTree = "<group>";
		};
		2D86A4B62098B5CD006A2049 /* Controllers */ = {
			isa = PBXGroup;
			children = (
				2D86A4B82098B5CD006A2049 /* SwpButtonCircleAnimationViewController.h */,
				2D86A4B72098B5CD006A2049 /* SwpButtonCircleAnimationViewController.m */,
				2D86A4E12098C62E006A2049 /* SwpButtonCustomView.h */,
				2D86A4E22098C62E006A2049 /* SwpButtonCustomView.m */,
				2D86A4E42098CF91006A2049 /* SwpButtonCustomInputView.h */,
				2D86A4E52098CF91006A2049 /* SwpButtonCustomInputView.m */,
			);
			path = Controllers;
			sourceTree = "<group>";
		};
		2D86A4B92098B5CD006A2049 /* Other */ = {
			isa = PBXGroup;
			children = (
				2D86A4BA2098B5CD006A2049 /* Controllers */,
			);
			path = Other;
			sourceTree = "<group>";
		};
		2D86A4BA2098B5CD006A2049 /* Controllers */ = {
			isa = PBXGroup;
			children = (
				2D86A4BB2098B5CD006A2049 /* OtherViewController.h */,
				2D86A4BC2098B5CD006A2049 /* OtherViewController.m */,
			);
			path = Controllers;
			sourceTree = "<group>";
		};
		2D86A4BD2098B5CD006A2049 /* TextField */ = {
			isa = PBXGroup;
			children = (
				2D86A4BE2098B5CD006A2049 /* Controllers */,
			);
			path = TextField;
			sourceTree = "<group>";
		};
		2D86A4BE2098B5CD006A2049 /* Controllers */ = {
			isa = PBXGroup;
			children = (
				2D86A4C02098B5CD006A2049 /* TextFieldDemoViewController.h */,
				2D86A4BF2098B5CD006A2049 /* TextFieldDemoViewController.m */,
			);
			path = Controllers;
			sourceTree = "<group>";
		};
		2D86A4C12098B5CD006A2049 /* Button */ = {
			isa = PBXGroup;
			children = (
				2D86A4C22098B5CD006A2049 /* Controllers */,
			);
			path = Button;
			sourceTree = "<group>";
		};
		2D86A4C22098B5CD006A2049 /* Controllers */ = {
			isa = PBXGroup;
			children = (
				2D86A4C32098B5CD006A2049 /* ButtonDemoViewController.m */,
				2D86A4C42098B5CD006A2049 /* ButtonDemoViewController.h */,
			);
			path = Controllers;
			sourceTree = "<group>";
		};
		2D86A4C52098B5CD006A2049 /* Main */ = {
			isa = PBXGroup;
			children = (
				2D86A4C62098B5CD006A2049 /* SwpCateGoryNavigationController */,
				2D86A4C92098B5CD006A2049 /* Category */,
				2D86A4CC2098B5CD006A2049 /* SwpCateGoryBaseViewController */,
			);
			path = Main;
			sourceTree = "<group>";
		};
		2D86A4C62098B5CD006A2049 /* SwpCateGoryNavigationController */ = {
			isa = PBXGroup;
			children = (
				2D86A4C72098B5CD006A2049 /* SwpCateGoryNavigationController.m */,
				2D86A4C82098B5CD006A2049 /* SwpCateGoryNavigationController.h */,
			);
			path = SwpCateGoryNavigationController;
			sourceTree = "<group>";
		};
		2D86A4C92098B5CD006A2049 /* Category */ = {
			isa = PBXGroup;
			children = (
				2D86A4CA2098B5CD006A2049 /* AppDelegate+SVProgressHUD.h */,
				2D86A4CB2098B5CD006A2049 /* AppDelegate+SVProgressHUD.m */,
			);
			path = Category;
			sourceTree = "<group>";
		};
		2D86A4CC2098B5CD006A2049 /* SwpCateGoryBaseViewController */ = {
			isa = PBXGroup;
			children = (
				2D86A4CD2098B5CD006A2049 /* SwpCateGoryBaseViewController.m */,
				2D86A4CE2098B5CD006A2049 /* SwpCateGoryBaseViewController.h */,
			);
			path = SwpCateGoryBaseViewController;
			sourceTree = "<group>";
		};
		2D99D7921EF64D22006E043F = {
			isa = PBXGroup;
			children = (
				2D99D79D1EF64D22006E043F /* SwpCateGoryDemo */,
				2D99D79C1EF64D22006E043F /* Products */,
				2EF9BF7F52CC7A130F91F0C5 /* Pods */,
				4939BDD52F3EF82800A470E1 /* Frameworks */,
			);
			sourceTree = "<group>";
		};
		2D99D79C1EF64D22006E043F /* Products */ = {
			isa = PBXGroup;
			children = (
				2D99D79B1EF64D22006E043F /* SwpCateGoryDemo.app */,
			);
			name = Products;
			sourceTree = "<group>";
		};
		2D99D79D1EF64D22006E043F /* SwpCateGoryDemo */ = {
			isa = PBXGroup;
			children = (
				2D86A49B2098B5CD006A2049 /* Classes */,
				2D99D7A11EF64D22006E043F /* AppDelegate.h */,
				2D99D7A21EF64D22006E043F /* AppDelegate.m */,
				2D99D7AA1EF64D22006E043F /* Assets.xcassets */,
				2D99D7AC1EF64D22006E043F /* LaunchScreen.storyboard */,
				2D99D7AF1EF64D22006E043F /* Info.plist */,
				2D99D79E1EF64D22006E043F /* Supporting Files */,
			);
			path = SwpCateGoryDemo;
			sourceTree = "<group>";
		};
		2D99D79E1EF64D22006E043F /* Supporting Files */ = {
			isa = PBXGroup;
			children = (
				2D99D79F1EF64D22006E043F /* main.m */,
			);
			name = "Supporting Files";
			sourceTree = "<group>";
		};
		2EF9BF7F52CC7A130F91F0C5 /* Pods */ = {
			isa = PBXGroup;
			children = (
				A9EFC2E0217696D8E6C2C961 /* Pods-SwpCateGoryDemo.debug.xcconfig */,
				E3716E1FFBB8BF058C70D1BC /* Pods-SwpCateGoryDemo.release.xcconfig */,
			);
			name = Pods;
			sourceTree = "<group>";
		};
		4939BDD52F3EF82800A470E1 /* Frameworks */ = {
			isa = PBXGroup;
			children = (
				D4545AAC4282C4A94340ADC7 /* libPods-SwpCateGoryDemo.a */,
			);
			name = Frameworks;
			sourceTree = "<group>";
		};
/* End PBXGroup section */

/* Begin PBXNativeTarget section */
		2D99D79A1EF64D22006E043F /* SwpCateGoryDemo */ = {
			isa = PBXNativeTarget;
			buildConfigurationList = 2D99D7B21EF64D22006E043F /* Build configuration list for PBXNativeTarget "SwpCateGoryDemo" */;
			buildPhases = (
				820BD424DB81D2DB7D7C9689 /* [CP] Check Pods Manifest.lock */,
				2D99D7971EF64D22006E043F /* Sources */,
				2D99D7981EF64D22006E043F /* Frameworks */,
				2D99D7991EF64D22006E043F /* Resources */,
				418906967A84B8C2E0B0C755 /* [CP] Copy Pods Resources */,
			);
			buildRules = (
			);
			dependencies = (
			);
			name = SwpCateGoryDemo;
			productName = SwpCateGoryDemo;
			productReference = 2D99D79B1EF64D22006E043F /* SwpCateGoryDemo.app */;
			productType = "com.apple.product-type.application";
		};
/* End PBXNativeTarget section */

/* Begin PBXProject section */
		2D99D7931EF64D22006E043F /* Project object */ = {
			isa = PBXProject;
			attributes = {
				LastUpgradeCheck = 0930;
				ORGANIZATIONNAME = "swp-song";
				TargetAttributes = {
					2D99D79A1EF64D22006E043F = {
						CreatedOnToolsVersion = 8.3.3;
						ProvisioningStyle = Automatic;
					};
				};
			};
			buildConfigurationList = 2D99D7961EF64D22006E043F /* Build configuration list for PBXProject "SwpCateGoryDemo" */;
			compatibilityVersion = "Xcode 3.2";
			developmentRegion = English;
			hasScannedForEncodings = 0;
			knownRegions = (
				en,
				Base,
			);
			mainGroup = 2D99D7921EF64D22006E043F;
			productRefGroup = 2D99D79C1EF64D22006E043F /* Products */;
			projectDirPath = "";
			projectRoot = "";
			targets = (
				2D99D79A1EF64D22006E043F /* SwpCateGoryDemo */,
			);
		};
/* End PBXProject section */

/* Begin PBXResourcesBuildPhase section */
		2D99D7991EF64D22006E043F /* Resources */ = {
			isa = PBXResourcesBuildPhase;
			buildActionMask = 2147483647;
			files = (
				2D86A4D42098B5CD006A2049 /* CityModel.plist in Resources */,
				2D99D7AE1EF64D22006E043F /* LaunchScreen.storyboard in Resources */,
				2D99D7AB1EF64D22006E043F /* Assets.xcassets in Resources */,
				2D86A4E02098B64D006A2049 /* DemoModel.plist in Resources */,
			);
			runOnlyForDeploymentPostprocessing = 0;
		};
/* End PBXResourcesBuildPhase section */

/* Begin PBXShellScriptBuildPhase section */
		418906967A84B8C2E0B0C755 /* [CP] Copy Pods Resources */ = {
			isa = PBXShellScriptBuildPhase;
			buildActionMask = 2147483647;
			files = (
			);
			inputPaths = (
				"${SRCROOT}/Pods/Target Support Files/Pods-SwpCateGoryDemo/Pods-SwpCateGoryDemo-resources.sh",
				"${PODS_ROOT}/SVProgressHUD/SVProgressHUD/SVProgressHUD.bundle",
				"${PODS_ROOT}/../../SwpCateGory/Resources/SwpCateGory.bundle",
			);
			name = "[CP] Copy Pods Resources";
			outputPaths = (
				"${TARGET_BUILD_DIR}/${UNLOCALIZED_RESOURCES_FOLDER_PATH}/SVProgressHUD.bundle",
				"${TARGET_BUILD_DIR}/${UNLOCALIZED_RESOURCES_FOLDER_PATH}/SwpCateGory.bundle",
			);
			runOnlyForDeploymentPostprocessing = 0;
			shellPath = /bin/sh;
			shellScript = "\"${SRCROOT}/Pods/Target Support Files/Pods-SwpCateGoryDemo/Pods-SwpCateGoryDemo-resources.sh\"\n";
			showEnvVarsInLog = 0;
		};
		820BD424DB81D2DB7D7C9689 /* [CP] Check Pods Manifest.lock */ = {
			isa = PBXShellScriptBuildPhase;
			buildActionMask = 2147483647;
			files = (
			);
			inputPaths = (
				"${PODS_PODFILE_DIR_PATH}/Podfile.lock",
				"${PODS_ROOT}/Manifest.lock",
			);
			name = "[CP] Check Pods Manifest.lock";
			outputPaths = (
				"$(DERIVED_FILE_DIR)/Pods-SwpCateGoryDemo-checkManifestLockResult.txt",
			);
			runOnlyForDeploymentPostprocessing = 0;
			shellPath = /bin/sh;
			shellScript = "diff \"${PODS_PODFILE_DIR_PATH}/Podfile.lock\" \"${PODS_ROOT}/Manifest.lock\" > /dev/null\nif [ $? != 0 ] ; then\n    # print error to STDERR\n    echo \"error: The sandbox is not in sync with the Podfile.lock. Run 'pod install' or update your CocoaPods installation.\" >&2\n    exit 1\nfi\n# This output is used by Xcode 'outputs' to avoid re-running this script phase.\necho \"SUCCESS\" > \"${SCRIPT_OUTPUT_FILE_0}\"\n";
			showEnvVarsInLog = 0;
		};
/* End PBXShellScriptBuildPhase section */

/* Begin PBXSourcesBuildPhase section */
		2D99D7971EF64D22006E043F /* Sources */ = {
			isa = PBXSourcesBuildPhase;
			buildActionMask = 2147483647;
			files = (
				2D86A4E62098CF91006A2049 /* SwpButtonCustomInputView.m in Sources */,
				2D86A4DA2098B5CD006A2049 /* TextFieldDemoViewController.m in Sources */,
				2D86A4DE2098B5CD006A2049 /* SwpCateGoryBaseViewController.m in Sources */,
				2D86A4DB2098B5CD006A2049 /* ButtonDemoViewController.m in Sources */,
				2D86A4CF2098B5CD006A2049 /* DemoModel.m in Sources */,
				2D86A4DC2098B5CD006A2049 /* SwpCateGoryNavigationController.m in Sources */,
				2D86A4D82098B5CD006A2049 /* SwpButtonCircleAnimationViewController.m in Sources */,
				2D86A4D62098B5CD006A2049 /* CityCell.m in Sources */,
				2D86A4D12098B5CD006A2049 /* DemoCell.m in Sources */,
				2D99D7A31EF64D22006E043F /* AppDelegate.m in Sources */,
				2D99D7A01EF64D22006E043F /* main.m in Sources */,
				2D86A4D32098B5CD006A2049 /* CityModel.m in Sources */,
				2D86A4D22098B5CD006A2049 /* DemoTableView.m in Sources */,
				2D86A4E32098C62E006A2049 /* SwpButtonCustomView.m in Sources */,
				2D86A4D02098B5CD006A2049 /* DemoListViewController.m in Sources */,
				2D86A4DD2098B5CD006A2049 /* AppDelegate+SVProgressHUD.m in Sources */,
				2D86A4D92098B5CD006A2049 /* OtherViewController.m in Sources */,
				2D86A4D72098B5CD006A2049 /* CityTableView.m in Sources */,
				2D86A4D52098B5CD006A2049 /* CityListViewController.m in Sources */,
			);
			runOnlyForDeploymentPostprocessing = 0;
		};
/* End PBXSourcesBuildPhase section */

/* Begin PBXVariantGroup section */
		2D99D7AC1EF64D22006E043F /* LaunchScreen.storyboard */ = {
			isa = PBXVariantGroup;
			children = (
				2D99D7AD1EF64D22006E043F /* Base */,
			);
			name = LaunchScreen.storyboard;
			sourceTree = "<group>";
		};
/* End PBXVariantGroup section */

/* Begin XCBuildConfiguration section */
		2D99D7B01EF64D22006E043F /* Debug */ = {
			isa = XCBuildConfiguration;
			buildSettings = {
				ALWAYS_SEARCH_USER_PATHS = NO;
				CLANG_ANALYZER_NONNULL = YES;
				CLANG_ANALYZER_NUMBER_OBJECT_CONVERSION = YES_AGGRESSIVE;
				CLANG_CXX_LANGUAGE_STANDARD = "gnu++0x";
				CLANG_CXX_LIBRARY = "libc++";
				CLANG_ENABLE_MODULES = YES;
				CLANG_ENABLE_OBJC_ARC = YES;
				CLANG_WARN_BLOCK_CAPTURE_AUTORELEASING = YES;
				CLANG_WARN_BOOL_CONVERSION = YES;
				CLANG_WARN_COMMA = YES;
				CLANG_WARN_CONSTANT_CONVERSION = YES;
				CLANG_WARN_DEPRECATED_OBJC_IMPLEMENTATIONS = YES;
				CLANG_WARN_DIRECT_OBJC_ISA_USAGE = YES_ERROR;
				CLANG_WARN_DOCUMENTATION_COMMENTS = YES;
				CLANG_WARN_EMPTY_BODY = YES;
				CLANG_WARN_ENUM_CONVERSION = YES;
				CLANG_WARN_INFINITE_RECURSION = YES;
				CLANG_WARN_INT_CONVERSION = YES;
				CLANG_WARN_NON_LITERAL_NULL_CONVERSION = YES;
				CLANG_WARN_OBJC_IMPLICIT_RETAIN_SELF = YES;
				CLANG_WARN_OBJC_LITERAL_CONVERSION = YES;
				CLANG_WARN_OBJC_ROOT_CLASS = YES_ERROR;
				CLANG_WARN_RANGE_LOOP_ANALYSIS = YES;
				CLANG_WARN_STRICT_PROTOTYPES = YES;
				CLANG_WARN_SUSPICIOUS_MOVE = YES;
				CLANG_WARN_UNREACHABLE_CODE = YES;
				CLANG_WARN__DUPLICATE_METHOD_MATCH = YES;
				"CODE_SIGN_IDENTITY[sdk=iphoneos*]" = "iPhone Developer";
				COPY_PHASE_STRIP = NO;
				DEBUG_INFORMATION_FORMAT = dwarf;
				ENABLE_STRICT_OBJC_MSGSEND = YES;
				ENABLE_TESTABILITY = YES;
				GCC_C_LANGUAGE_STANDARD = gnu99;
				GCC_DYNAMIC_NO_PIC = NO;
				GCC_NO_COMMON_BLOCKS = YES;
				GCC_OPTIMIZATION_LEVEL = 0;
				GCC_PREPROCESSOR_DEFINITIONS = (
					"DEBUG=1",
					"$(inherited)",
				);
				GCC_WARN_64_TO_32_BIT_CONVERSION = YES;
				GCC_WARN_ABOUT_RETURN_TYPE = YES_ERROR;
				GCC_WARN_UNDECLARED_SELECTOR = YES;
				GCC_WARN_UNINITIALIZED_AUTOS = YES_AGGRESSIVE;
				GCC_WARN_UNUSED_FUNCTION = YES;
				GCC_WARN_UNUSED_VARIABLE = YES;
				IPHONEOS_DEPLOYMENT_TARGET = 10.3;
				MTL_ENABLE_DEBUG_INFO = YES;
				ONLY_ACTIVE_ARCH = YES;
				SDKROOT = iphoneos;
			};
			name = Debug;
		};
		2D99D7B11EF64D22006E043F /* Release */ = {
			isa = XCBuildConfiguration;
			buildSettings = {
				ALWAYS_SEARCH_USER_PATHS = NO;
				CLANG_ANALYZER_NONNULL = YES;
				CLANG_ANALYZER_NUMBER_OBJECT_CONVERSION = YES_AGGRESSIVE;
				CLANG_CXX_LANGUAGE_STANDARD = "gnu++0x";
				CLANG_CXX_LIBRARY = "libc++";
				CLANG_ENABLE_MODULES = YES;
				CLANG_ENABLE_OBJC_ARC = YES;
				CLANG_WARN_BLOCK_CAPTURE_AUTORELEASING = YES;
				CLANG_WARN_BOOL_CONVERSION = YES;
				CLANG_WARN_COMMA = YES;
				CLANG_WARN_CONSTANT_CONVERSION = YES;
				CLANG_WARN_DEPRECATED_OBJC_IMPLEMENTATIONS = YES;
				CLANG_WARN_DIRECT_OBJC_ISA_USAGE = YES_ERROR;
				CLANG_WARN_DOCUMENTATION_COMMENTS = YES;
				CLANG_WARN_EMPTY_BODY = YES;
				CLANG_WARN_ENUM_CONVERSION = YES;
				CLANG_WARN_INFINITE_RECURSION = YES;
				CLANG_WARN_INT_CONVERSION = YES;
				CLANG_WARN_NON_LITERAL_NULL_CONVERSION = YES;
				CLANG_WARN_OBJC_IMPLICIT_RETAIN_SELF = YES;
				CLANG_WARN_OBJC_LITERAL_CONVERSION = YES;
				CLANG_WARN_OBJC_ROOT_CLASS = YES_ERROR;
				CLANG_WARN_RANGE_LOOP_ANALYSIS = YES;
				CLANG_WARN_STRICT_PROTOTYPES = YES;
				CLANG_WARN_SUSPICIOUS_MOVE = YES;
				CLANG_WARN_UNREACHABLE_CODE = YES;
				CLANG_WARN__DUPLICATE_METHOD_MATCH = YES;
				"CODE_SIGN_IDENTITY[sdk=iphoneos*]" = "iPhone Developer";
				COPY_PHASE_STRIP = NO;
				DEBUG_INFORMATION_FORMAT = "dwarf-with-dsym";
				ENABLE_NS_ASSERTIONS = NO;
				ENABLE_STRICT_OBJC_MSGSEND = YES;
				GCC_C_LANGUAGE_STANDARD = gnu99;
				GCC_NO_COMMON_BLOCKS = YES;
				GCC_WARN_64_TO_32_BIT_CONVERSION = YES;
				GCC_WARN_ABOUT_RETURN_TYPE = YES_ERROR;
				GCC_WARN_UNDECLARED_SELECTOR = YES;
				GCC_WARN_UNINITIALIZED_AUTOS = YES_AGGRESSIVE;
				GCC_WARN_UNUSED_FUNCTION = YES;
				GCC_WARN_UNUSED_VARIABLE = YES;
				IPHONEOS_DEPLOYMENT_TARGET = 10.3;
				MTL_ENABLE_DEBUG_INFO = NO;
				SDKROOT = iphoneos;
				VALIDATE_PRODUCT = YES;
			};
			name = Release;
		};
		2D99D7B31EF64D22006E043F /* Debug */ = {
			isa = XCBuildConfiguration;
			baseConfigurationReference = A9EFC2E0217696D8E6C2C961 /* Pods-SwpCateGoryDemo.debug.xcconfig */;
			buildSettings = {
				ASSETCATALOG_COMPILER_APPICON_NAME = AppIcon;
				"CODE_SIGN_IDENTITY[sdk=iphoneos*]" = "iPhone Developer";
				CODE_SIGN_STYLE = Automatic;
				DEVELOPMENT_TEAM = "";
				INFOPLIST_FILE = SwpCateGoryDemo/Info.plist;
				IPHONEOS_DEPLOYMENT_TARGET = 11.3;
				LD_RUNPATH_SEARCH_PATHS = "$(inherited) @executable_path/Frameworks";
				PRODUCT_BUNDLE_IDENTIFIER = "swp-song.SwpCateGoryDemo";
				PRODUCT_NAME = "$(TARGET_NAME)";
				PROVISIONING_PROFILE_SPECIFIER = "";
			};
			name = Debug;
		};
		2D99D7B41EF64D22006E043F /* Release */ = {
			isa = XCBuildConfiguration;
			baseConfigurationReference = E3716E1FFBB8BF058C70D1BC /* Pods-SwpCateGoryDemo.release.xcconfig */;
			buildSettings = {
				ASSETCATALOG_COMPILER_APPICON_NAME = AppIcon;
				"CODE_SIGN_IDENTITY[sdk=iphoneos*]" = "iPhone Developer";
				CODE_SIGN_STYLE = Automatic;
				DEVELOPMENT_TEAM = "";
				INFOPLIST_FILE = SwpCateGoryDemo/Info.plist;
				IPHONEOS_DEPLOYMENT_TARGET = 11.3;
				LD_RUNPATH_SEARCH_PATHS = "$(inherited) @executable_path/Frameworks";
				PRODUCT_BUNDLE_IDENTIFIER = "swp-song.SwpCateGoryDemo";
				PRODUCT_NAME = "$(TARGET_NAME)";
				PROVISIONING_PROFILE_SPECIFIER = "";
			};
			name = Release;
		};
/* End XCBuildConfiguration section */

/* Begin XCConfigurationList section */
		2D99D7961EF64D22006E043F /* Build configuration list for PBXProject "SwpCateGoryDemo" */ = {
			isa = XCConfigurationList;
			buildConfigurations = (
				2D99D7B01EF64D22006E043F /* Debug */,
				2D99D7B11EF64D22006E043F /* Release */,
			);
			defaultConfigurationIsVisible = 0;
			defaultConfigurationName = Release;
		};
		2D99D7B21EF64D22006E043F /* Build configuration list for PBXNativeTarget "SwpCateGoryDemo" */ = {
			isa = XCConfigurationList;
			buildConfigurations = (
				2D99D7B31EF64D22006E043F /* Debug */,
				2D99D7B41EF64D22006E043F /* Release */,
			);
			defaultConfigurationIsVisible = 0;
			defaultConfigurationName = Release;
		};
/* End XCConfigurationList section */
	};
	rootObject = 2D99D7931EF64D22006E043F /* Project object */;
}
