PODS:
  - Masonry (1.1.0)
  - SVProgressHUD (2.2.5)
  - SwpCateGory (2.7.0):
    - SwpCateGory/SwpAttributed (= 2.7.0)
    - SwpCateGory/SwpBarCodeImage (= 2.7.0)
    - SwpCateGory/SwpBase64 (= 2.7.0)
    - SwpCateGory/SwpButtonCircleAnimation (= 2.7.0)
    - SwpCateGory/SwpButtonLayout (= 2.7.0)
    - SwpCateGory/SwpCateGory (= 2.7.0)
    - SwpCateGory/SwpColor (= 2.7.0)
    - SwpCateGory/SwpCreateImage (= 2.7.0)
    - SwpCateGory/SwpDateString (= 2.7.0)
    - SwpCateGory/SwpExtension (= 2.7.0)
    - SwpCateGory/SwpFont (= 2.7.0)
    - SwpCateGory/SwpGenerateProperty (= 2.7.0)
    - SwpCateGory/SwpImageScreenshots (= 2.7.0)
    - SwpCateGory/SwpMD5 (= 2.7.0)
    - SwpCateGory/SwpNavigationBar (= 2.7.0)
    - SwpCateGory/SwpOrderByCharacter (= 2.7.0)
    - SwpCateGory/SwpQrCodeImage (= 2.7.0)
    - SwpCateGory/SwpSetButton (= 2.7.0)
    - SwpCateGory/SwpSetNavigationBarItem (= 2.7.0)
    - SwpCateGory/SwpSetTextField (= 2.7.0)
    - SwpCateGory/SwpUserDefaults (= 2.7.0)
    - SwpCateGory/SwpViewScreenshots (= 2.7.0)
  - SwpCateGory/SwpAttributed (2.7.0):
    - SwpCateGory/SwpCateGory
  - SwpCateGory/SwpBarCodeImage (2.7.0):
    - SwpCateGory/SwpCateGory
  - SwpCateGory/SwpBase64 (2.7.0):
    - SwpCateGory/SwpCateGory
  - SwpCateGory/SwpButtonCircleAnimation (2.7.0):
    - SwpCateGory/SwpCateGory
  - SwpCateGory/SwpButtonLayout (2.7.0):
    - SwpCateGory/SwpCateGory
  - SwpCateGory/SwpCateGory (2.7.0)
  - SwpCateGory/SwpColor (2.7.0):
    - SwpCateGory/SwpCateGory
  - SwpCateGory/SwpCreateImage (2.7.0):
    - SwpCateGory/SwpCateGory
  - SwpCateGory/SwpDateString (2.7.0):
    - SwpCateGory/SwpCateGory
  - SwpCateGory/SwpExtension (2.7.0):
    - SwpCateGory/SwpCateGory
  - SwpCateGory/SwpFont (2.7.0):
    - SwpCateGory/SwpCateGory
  - SwpCateGory/SwpGenerateProperty (2.7.0):
    - SwpCateGory/SwpCateGory
  - SwpCateGory/SwpImageScreenshots (2.7.0):
    - SwpCateGory/SwpCateGory
  - SwpCateGory/SwpMD5 (2.7.0):
    - SwpCateGory/SwpCateGory
  - SwpCateGory/SwpNavigationBar (2.7.0):
    - SwpCateGory/SwpCateGory
  - SwpCateGory/SwpOrderByCharacter (2.7.0):
    - SwpCateGory/SwpCateGory
  - SwpCateGory/SwpQrCodeImage (2.7.0):
    - SwpCateGory/SwpCateGory
  - SwpCateGory/SwpSetButton (2.7.0):
    - SwpCateGory/SwpCateGory
  - SwpCateGory/SwpSetNavigationBarItem (2.7.0):
    - SwpCateGory/SwpCateGory
  - SwpCateGory/SwpSetTextField (2.7.0):
    - SwpCateGory/SwpCateGory
  - SwpCateGory/SwpUserDefaults (2.7.0):
    - SwpCateGory/SwpCateGory
  - SwpCateGory/SwpViewScreenshots (2.7.0):
    - SwpCateGory/SwpCateGory

DEPENDENCIES:
  - Masonry
  - SVProgressHUD
  - SwpCateGory (from `../`)

SPEC REPOS:
  https://github.com/CocoaPods/Specs.git:
    - Masonry
    - SVProgressHUD

EXTERNAL SOURCES:
  SwpCateGory:
    :path: "../"

SPEC CHECKSUMS:
  Masonry: 678fab65091a9290e40e2832a55e7ab731aad201
  SVProgressHUD: 1428aafac632c1f86f62aa4243ec12008d7a51d6
  SwpCateGory: e97f34c20a2b78f5124449658e01e9d30e1dcbf2

PODFILE CHECKSUM: 50e5f9856dd2021e3b05405d8254731475b58feb

COCOAPODS: 1.5.0
